
Microsoft Visual Studio Solution File, Format Version 12.00
# Visual Studio Version 16
VisualStudioVersion = 16.0.31019.35
MinimumVisualStudioVersion = 10.0.40219.1
Project("{FAE04EC0-301F-11D3-BF4B-00C04F79EFBC}") = "TravelRecordApp.Android", "TravelRecordApp\TravelRecordApp.Android\TravelRecordApp.Android.csproj", "{3CC9A6F7-963E-44AC-A565-3969C7DA0D2B}"
EndProject
Project("{FAE04EC0-301F-11D3-BF4B-00C04F79EFBC}") = "TravelRecordApp.iOS", "TravelRecordApp\TravelRecordApp.iOS\TravelRecordApp.iOS.csproj", "{15070463-3DC6-4C9F-83E8-B3F1CF76D5E1}"
EndProject
Project("{FAE04EC0-301F-11D3-BF4B-00C04F79EFBC}") = "TravelRecordApp", "TravelRecordApp\TravelRecordApp\TravelRecordApp.csproj", "{B9107647-6AD0-4292-B5AB-5974F965B57F}"
EndProject
Global
	GlobalSection(SolutionConfigurationPlatforms) = preSolution
		Debug|Any CPU = Debug|Any CPU
		Debug|iPhone = Debug|iPhone
		Debug|iPhoneSimulator = Debug|iPhoneSimulator
		Release|Any CPU = Release|Any CPU
		Release|iPhone = Release|iPhone
		Release|iPhoneSimulator = Release|iPhoneSimulator
	EndGlobalSection
	GlobalSection(ProjectConfigurationPlatforms) = postSolution
		{3CC9A6F7-963E-44AC-A565-3969C7DA0D2B}.Debug|Any CPU.ActiveCfg = Debug|Any CPU
		{3CC9A6F7-963E-44AC-A565-3969C7DA0D2B}.Debug|Any CPU.Build.0 = Debug|Any CPU
		{3CC9A6F7-963E-44AC-A565-3969C7DA0D2B}.Debug|Any CPU.Deploy.0 = Debug|Any CPU
		{3CC9A6F7-963E-44AC-A565-3969C7DA0D2B}.Debug|iPhone.ActiveCfg = Debug|Any CPU
		{3CC9A6F7-963E-44AC-A565-3969C7DA0D2B}.Debug|iPhone.Build.0 = Debug|Any CPU
		{3CC9A6F7-963E-44AC-A565-3969C7DA0D2B}.Debug|iPhone.Deploy.0 = Debug|Any CPU
		{3CC9A6F7-963E-44AC-A565-3969C7DA0D2B}.Debug|iPhoneSimulator.ActiveCfg = Debug|Any CPU
		{3CC9A6F7-963E-44AC-A565-3969C7DA0D2B}.Debug|iPhoneSimulator.Build.0 = Debug|Any CPU
		{3CC9A6F7-963E-44AC-A565-3969C7DA0D2B}.Debug|iPhoneSimulator.Deploy.0 = Debug|Any CPU
		{3CC9A6F7-963E-44AC-A565-3969C7DA0D2B}.Release|Any CPU.ActiveCfg = Release|Any CPU
		{3CC9A6F7-963E-44AC-A565-3969C7DA0D2B}.Release|Any CPU.Build.0 = Release|Any CPU
		{3CC9A6F7-963E-44AC-A565-3969C7DA0D2B}.Release|Any CPU.Deploy.0 = Release|Any CPU
		{3CC9A6F7-963E-44AC-A565-3969C7DA0D2B}.Release|iPhone.ActiveCfg = Release|Any CPU
		{3CC9A6F7-963E-44AC-A565-3969C7DA0D2B}.Release|iPhone.Build.0 = Release|Any CPU
		{3CC9A6F7-963E-44AC-A565-3969C7DA0D2B}.Release|iPhone.Deploy.0 = Release|Any CPU
		{3CC9A6F7-963E-44AC-A565-3969C7DA0D2B}.Release|iPhoneSimulator.ActiveCfg = Release|Any CPU
		{3CC9A6F7-963E-44AC-A565-3969C7DA0D2B}.Release|iPhoneSimulator.Build.0 = Release|Any CPU
		{3CC9A6F7-963E-44AC-A565-3969C7DA0D2B}.Release|iPhoneSimulator.Deploy.0 = Release|Any CPU
		{15070463-3DC6-4C9F-83E8-B3F1CF76D5E1}.Debug|Any CPU.ActiveCfg = Debug|iPhone
		{15070463-3DC6-4C9F-83E8-B3F1CF76D5E1}.Debug|Any CPU.Build.0 = Debug|iPhone
		{15070463-3DC6-4C9F-83E8-B3F1CF76D5E1}.Debug|Any CPU.Deploy.0 = Debug|iPhone
		{15070463-3DC6-4C9F-83E8-B3F1CF76D5E1}.Debug|iPhone.ActiveCfg = Debug|iPhone
		{15070463-3DC6-4C9F-83E8-B3F1CF76D5E1}.Debug|iPhone.Build.0 = Debug|iPhone
		{15070463-3DC6-4C9F-83E8-B3F1CF76D5E1}.Debug|iPhone.Deploy.0 = Debug|iPhone
		{15070463-3DC6-4C9F-83E8-B3F1CF76D5E1}.Debug|iPhoneSimulator.ActiveCfg = Debug|iPhoneSimulator
		{15070463-3DC6-4C9F-83E8-B3F1CF76D5E1}.Debug|iPhoneSimulator.Build.0 = Debug|iPhoneSimulator
		{15070463-3DC6-4C9F-83E8-B3F1CF76D5E1}.Debug|iPhoneSimulator.Deploy.0 = Debug|iPhoneSimulator
		{15070463-3DC6-4C9F-83E8-B3F1CF76D5E1}.Release|Any CPU.ActiveCfg = Release|iPhoneSimulator
		{15070463-3DC6-4C9F-83E8-B3F1CF76D5E1}.Release|Any CPU.Build.0 = Release|iPhoneSimulator
		{15070463-3DC6-4C9F-83E8-B3F1CF76D5E1}.Release|Any CPU.Deploy.0 = Release|iPhoneSimulator
		{15070463-3DC6-4C9F-83E8-B3F1CF76D5E1}.Release|iPhone.ActiveCfg = Release|iPhone
		{15070463-3DC6-4C9F-83E8-B3F1CF76D5E1}.Release|iPhone.Build.0 = Release|iPhone
		{15070463-3DC6-4C9F-83E8-B3F1CF76D5E1}.Release|iPhone.Deploy.0 = Release|iPhone
		{15070463-3DC6-4C9F-83E8-B3F1CF76D5E1}.Release|iPhoneSimulator.ActiveCfg = Release|iPhoneSimulator
		{15070463-3DC6-4C9F-83E8-B3F1CF76D5E1}.Release|iPhoneSimulator.Build.0 = Release|iPhoneSimulator
		{15070463-3DC6-4C9F-83E8-B3F1CF76D5E1}.Release|iPhoneSimulator.Deploy.0 = Release|iPhoneSimulator
		{B9107647-6AD0-4292-B5AB-5974F965B57F}.Debug|Any CPU.ActiveCfg = Debug|Any CPU
		{B9107647-6AD0-4292-B5AB-5974F965B57F}.Debug|Any CPU.Build.0 = Debug|Any CPU
		{B9107647-6AD0-4292-B5AB-5974F965B57F}.Debug|Any CPU.Deploy.0 = Debug|Any CPU
		{B9107647-6AD0-4292-B5AB-5974F965B57F}.Debug|iPhone.ActiveCfg = Debug|Any CPU
		{B9107647-6AD0-4292-B5AB-5974F965B57F}.Debug|iPhone.Build.0 = Debug|Any CPU
		{B9107647-6AD0-4292-B5AB-5974F965B57F}.Debug|iPhone.Deploy.0 = Debug|Any CPU
		{B9107647-6AD0-4292-B5AB-5974F965B57F}.Debug|iPhoneSimulator.ActiveCfg = Debug|Any CPU
		{B9107647-6AD0-4292-B5AB-5974F965B57F}.Debug|iPhoneSimulator.Build.0 = Debug|Any CPU
		{B9107647-6AD0-4292-B5AB-5974F965B57F}.Debug|iPhoneSimulator.Deploy.0 = Debug|Any CPU
		{B9107647-6AD0-4292-B5AB-5974F965B57F}.Release|Any CPU.ActiveCfg = Release|Any CPU
		{B9107647-6AD0-4292-B5AB-5974F965B57F}.Release|Any CPU.Build.0 = Release|Any CPU
		{B9107647-6AD0-4292-B5AB-5974F965B57F}.Release|Any CPU.Deploy.0 = Release|Any CPU
		{B9107647-6AD0-4292-B5AB-5974F965B57F}.Release|iPhone.ActiveCfg = Release|Any CPU
		{B9107647-6AD0-4292-B5AB-5974F965B57F}.Release|iPhone.Build.0 = Release|Any CPU
		{B9107647-6AD0-4292-B5AB-5974F965B57F}.Release|iPhone.Deploy.0 = Release|Any CPU
		{B9107647-6AD0-4292-B5AB-5974F965B57F}.Release|iPhoneSimulator.ActiveCfg = Release|Any CPU
		{B9107647-6AD0-4292-B5AB-5974F965B57F}.Release|iPhoneSimulator.Build.0 = Release|Any CPU
		{B9107647-6AD0-4292-B5AB-5974F965B57F}.Release|iPhoneSimulator.Deploy.0 = Release|Any CPU
	EndGlobalSection
	GlobalSection(SolutionProperties) = preSolution
		HideSolutionNode = FALSE
	EndGlobalSection
	GlobalSection(ExtensibilityGlobals) = postSolution
		SolutionGuid = {D0AD9317-150C-4FB0-BF29-E18B8EB496E1}
	EndGlobalSection
EndGlobal
